
Microsoft Visual Studio Solution File, Format Version 12.00
# Visual Studio 2013
VisualStudioVersion = 12.0.40629.0
MinimumVisualStudioVersion = 10.0.40219.1
Project("{FAE04EC0-301F-11D3-BF4B-00C04F79EFBC}") = "Web", "Web\Web.csproj", "{96BF7E7D-AB5D-42C1-AB65-F10F5647AD56}"
EndProject
Project("{FAE04EC0-301F-11D3-BF4B-00C04F79EFBC}") = "WindowsForms", "WindowsForms\WindowsForms.csproj", "{5325C541-2EC2-449C-AE2F-779CDF81CF47}"
EndProject
Project("{FAE04EC0-301F-11D3-BF4B-00C04F79EFBC}") = "Core", "Core\Core.csproj", "{93952C56-3CBF-46BF-987C-D3EE0BE8225B}"
EndProject
Global
	GlobalSection(SolutionConfigurationPlatforms) = preSolution
		Debug|Any CPU = Debug|Any CPU
		Release|Any CPU = Release|Any CPU
	EndGlobalSection
	GlobalSection(ProjectConfigurationPlatforms) = postSolution
		{96BF7E7D-AB5D-42C1-AB65-F10F5647AD56}.Debug|Any CPU.ActiveCfg = Debug|Any CPU
		{96BF7E7D-AB5D-42C1-AB65-F10F5647AD56}.Debug|Any CPU.Build.0 = Debug|Any CPU
		{96BF7E7D-AB5D-42C1-AB65-F10F5647AD56}.Release|Any CPU.ActiveCfg = Release|Any CPU
		{96BF7E7D-AB5D-42C1-AB65-F10F5647AD56}.Release|Any CPU.Build.0 = Release|Any CPU
		{5325C541-2EC2-449C-AE2F-779CDF81CF47}.Debug|Any CPU.ActiveCfg = Debug|Any CPU
		{5325C541-2EC2-449C-AE2F-779CDF81CF47}.Debug|Any CPU.Build.0 = Debug|Any CPU
		{5325C541-2EC2-449C-AE2F-779CDF81CF47}.Release|Any CPU.ActiveCfg = Release|Any CPU
		{5325C541-2EC2-449C-AE2F-779CDF81CF47}.Release|Any CPU.Build.0 = Release|Any CPU
		{93952C56-3CBF-46BF-987C-D3EE0BE8225B}.Debug|Any CPU.ActiveCfg = Debug|Any CPU
		{93952C56-3CBF-46BF-987C-D3EE0BE8225B}.Debug|Any CPU.Build.0 = Debug|Any CPU
		{93952C56-3CBF-46BF-987C-D3EE0BE8225B}.Release|Any CPU.ActiveCfg = Release|Any CPU
		{93952C56-3CBF-46BF-987C-D3EE0BE8225B}.Release|Any CPU.Build.0 = Release|Any CPU
	EndGlobalSection
	GlobalSection(SolutionProperties) = preSolution
		HideSolutionNode = FALSE
	EndGlobalSection
EndGlobal
